
Microsoft Visual Studio Solution File, Format Version 12.00
# Visual Studio Version 16
VisualStudioVersion = 16.0.31410.357
MinimumVisualStudioVersion = 10.0.40219.1
Project("{FAE04EC0-301F-11D3-BF4B-00C04F79EFBC}") = "ATBM_PH2", "ATBM_PH2\ATBM_PH2.csproj", "{37619C0F-94A2-4975-B7D1-43FC69C509FE}"
EndProject
Global
	GlobalSection(SolutionConfigurationPlatforms) = preSolution
		Debug|Any CPU = Debug|Any CPU
		Debug|x64 = Debug|x64
		Release|Any CPU = Release|Any CPU
		Release|x64 = Release|x64
	EndGlobalSection
	GlobalSection(ProjectConfigurationPlatforms) = postSolution
		{37619C0F-94A2-4975-B7D1-43FC69C509FE}.Debug|Any CPU.ActiveCfg = Debug|x64
		{37619C0F-94A2-4975-B7D1-43FC69C509FE}.Debug|Any CPU.Build.0 = Debug|x64
		{37619C0F-94A2-4975-B7D1-43FC69C509FE}.Debug|x64.ActiveCfg = Debug|x64
		{37619C0F-94A2-4975-B7D1-43FC69C509FE}.Debug|x64.Build.0 = Debug|x64
		{37619C0F-94A2-4975-B7D1-43FC69C509FE}.Release|Any CPU.ActiveCfg = Release|Any CPU
		{37619C0F-94A2-4975-B7D1-43FC69C509FE}.Release|Any CPU.Build.0 = Release|Any CPU
		{37619C0F-94A2-4975-B7D1-43FC69C509FE}.Release|x64.ActiveCfg = Release|x64
		{37619C0F-94A2-4975-B7D1-43FC69C509FE}.Release|x64.Build.0 = Release|x64
	EndGlobalSection
	GlobalSection(SolutionProperties) = preSolution
		HideSolutionNode = FALSE
	EndGlobalSection
	GlobalSection(ExtensibilityGlobals) = postSolution
		SolutionGuid = {D79F6F15-50B7-4925-8C7A-5F01FAF5203C}
	EndGlobalSection
EndGlobal
